%{"base64url": {:hex, :base64url, "0.0.1"},
  "bureaucrat": {:hex, :bureaucrat, "0.1.4"},
  "certifi": {:hex, :certifi, "0.4.0"},
  "combine": {:hex, :combine, "0.9.1"},
  "comeonin": {:hex, :comeonin, "2.5.2"},
  "connection": {:hex, :connection, "1.0.3"},
  "cowboy": {:hex, :cowboy, "1.0.4"},
  "cowlib": {:hex, :cowlib, "1.0.2"},
  "db_connection": {:hex, :db_connection, "1.0.0-rc.3"},
  "decimal": {:hex, :decimal, "1.1.2"},
  "ecto": {:hex, :ecto, "1.1.9"},
  "fs": {:hex, :fs, "0.9.2"},
  "gettext": {:hex, :gettext, "0.11.0"},
  "hackney": {:hex, :hackney, "1.6.1"},
  "idna": {:hex, :idna, "1.2.0"},
  "joken": {:hex, :joken, "1.2.1"},
  "jose": {:hex, :jose, "1.7.9"},
  "mellon": {:hex, :mellon, "0.1.1"},
  "metrics": {:hex, :metrics, "1.0.1"},
  "mimerl": {:hex, :mimerl, "1.0.2"},
  "phoenix": {:hex, :phoenix, "1.1.6"},
  "phoenix_ecto": {:hex, :phoenix_ecto, "2.0.2"},
  "phoenix_html": {:hex, :phoenix_html, "2.6.2"},
  "phoenix_live_reload": {:hex, :phoenix_live_reload, "1.0.5"},
  "plug": {:hex, :plug, "1.1.6"},
  "poison": {:hex, :poison, "2.2.0"},
  "poolboy": {:hex, :poolboy, "1.5.1"},
  "postgrex": {:hex, :postgrex, "0.11.2"},
  "ranch": {:hex, :ranch, "1.2.1"},
  "ssl_verify_fun": {:hex, :ssl_verify_fun, "1.1.0"},
  "timex": {:hex, :timex, "3.0.4"},
  "tzdata": {:hex, :tzdata, "0.5.8"}}
